
Microsoft Visual Studio Solution File, Format Version 12.00
# Visual Studio 15
VisualStudioVersion = 15.0.27703.2047
MinimumVisualStudioVersion = 10.0.40219.1
Project("{FAE04EC0-301F-11D3-BF4B-00C04F79EFBC}") = "WebScrape", "WebScrape\WebScrape.csproj", "{092A24B7-5500-4F33-AC41-1CFDCAEFB2FD}"
EndProject
Global
	GlobalSection(SolutionConfigurationPlatforms) = preSolution
		Debug|Any CPU = Debug|Any CPU
		Release|Any CPU = Release|Any CPU
	EndGlobalSection
	GlobalSection(ProjectConfigurationPlatforms) = postSolution
		{092A24B7-5500-4F33-AC41-1CFDCAEFB2FD}.Debug|Any CPU.ActiveCfg = Debug|Any CPU
		{092A24B7-5500-4F33-AC41-1CFDCAEFB2FD}.Debug|Any CPU.Build.0 = Debug|Any CPU
		{092A24B7-5500-4F33-AC41-1CFDCAEFB2FD}.Release|Any CPU.ActiveCfg = Release|Any CPU
		{092A24B7-5500-4F33-AC41-1CFDCAEFB2FD}.Release|Any CPU.Build.0 = Release|Any CPU
	EndGlobalSection
	GlobalSection(SolutionProperties) = preSolution
		HideSolutionNode = FALSE
	EndGlobalSection
	GlobalSection(ExtensibilityGlobals) = postSolution
		SolutionGuid = {CE6318A7-5013-4DAB-8801-24461D5B42B4}
	EndGlobalSection
EndGlobal
